
Microsoft Visual Studio Solution File, Format Version 12.00
# Visual Studio Version 17
VisualStudioVersion = 17.9.34616.47
MinimumVisualStudioVersion = 10.0.40219.1
Project("{9A19103F-16F7-4668-BE54-9A1E7A4F7556}") = "EntityFrameworkDemo", "EntityFrameworkDemo.csproj", "{8199C1CD-3973-4BA7-8439-57FD9AC944FD}"
EndProject
Global
	GlobalSection(SolutionConfigurationPlatforms) = preSolution
		Debug|Any CPU = Debug|Any CPU
		Release|Any CPU = Release|Any CPU
	EndGlobalSection
	GlobalSection(ProjectConfigurationPlatforms) = postSolution
		{8199C1CD-3973-4BA7-8439-57FD9AC944FD}.Debug|Any CPU.ActiveCfg = Debug|Any CPU
		{8199C1CD-3973-4BA7-8439-57FD9AC944FD}.Debug|Any CPU.Build.0 = Debug|Any CPU
		{8199C1CD-3973-4BA7-8439-57FD9AC944FD}.Release|Any CPU.ActiveCfg = Release|Any CPU
		{8199C1CD-3973-4BA7-8439-57FD9AC944FD}.Release|Any CPU.Build.0 = Release|Any CPU
	EndGlobalSection
	GlobalSection(SolutionProperties) = preSolution
		HideSolutionNode = FALSE
	EndGlobalSection
	GlobalSection(ExtensibilityGlobals) = postSolution
		SolutionGuid = {7EA6155D-C148-4291-8AE8-FC65DA94B5FB}
	EndGlobalSection
EndGlobal
